
Microsoft Visual Studio Solution File, Format Version 12.00
# Visual Studio Version 17
VisualStudioVersion = 17.14.36414.22 d17.14
MinimumVisualStudioVersion = 10.0.40219.1
Project("{FAE04EC0-301F-11D3-BF4B-00C04F79EFBC}") = "InventoryManagementSystem.UI", "InventoryManagementSystem.UI\InventoryManagementSystem.UI.csproj", "{36D0E933-D574-48BA-A2FC-334279F1F658}"
EndProject
Global
	GlobalSection(SolutionConfigurationPlatforms) = preSolution
		Debug|Any CPU = Debug|Any CPU
		Release|Any CPU = Release|Any CPU
	EndGlobalSection
	GlobalSection(ProjectConfigurationPlatforms) = postSolution
		{36D0E933-D574-48BA-A2FC-334279F1F658}.Debug|Any CPU.ActiveCfg = Debug|Any CPU
		{36D0E933-D574-48BA-A2FC-334279F1F658}.Debug|Any CPU.Build.0 = Debug|Any CPU
		{36D0E933-D574-48BA-A2FC-334279F1F658}.Release|Any CPU.ActiveCfg = Release|Any CPU
		{36D0E933-D574-48BA-A2FC-334279F1F658}.Release|Any CPU.Build.0 = Release|Any CPU
	EndGlobalSection
	GlobalSection(SolutionProperties) = preSolution
		HideSolutionNode = FALSE
	EndGlobalSection
	GlobalSection(ExtensibilityGlobals) = postSolution
		SolutionGuid = {0EEBAE0E-FBAA-4341-B9B9-183EE1A3208B}
	EndGlobalSection
EndGlobal
